
Microsoft Visual Studio Solution File, Format Version 12.00
# Visual Studio Version 17
VisualStudioVersion = 17.14.36623.8 d17.14
MinimumVisualStudioVersion = 10.0.40219.1
Project("{FAE04EC0-301F-11D3-BF4B-00C04F79EFBC}") = "High or Low", "High or Low.csproj", "{145C10E5-1AB9-4283-89A0-1F765F62F400}"
EndProject
Global
	GlobalSection(SolutionConfigurationPlatforms) = preSolution
		Debug|Any CPU = Debug|Any CPU
		Release|Any CPU = Release|Any CPU
	EndGlobalSection
	GlobalSection(ProjectConfigurationPlatforms) = postSolution
		{145C10E5-1AB9-4283-89A0-1F765F62F400}.Debug|Any CPU.ActiveCfg = Debug|Any CPU
		{145C10E5-1AB9-4283-89A0-1F765F62F400}.Debug|Any CPU.Build.0 = Debug|Any CPU
		{145C10E5-1AB9-4283-89A0-1F765F62F400}.Release|Any CPU.ActiveCfg = Release|Any CPU
		{145C10E5-1AB9-4283-89A0-1F765F62F400}.Release|Any CPU.Build.0 = Release|Any CPU
	EndGlobalSection
	GlobalSection(SolutionProperties) = preSolution
		HideSolutionNode = FALSE
	EndGlobalSection
	GlobalSection(ExtensibilityGlobals) = postSolution
		SolutionGuid = {234BDCB5-05A5-4721-BF45-09E199F966B7}
	EndGlobalSection
EndGlobal
